// !$*UTF8*$!
{
	archiveVersion = 1;
	classes = {
	};
	objectVersion = 46;
	objects = {

/* Begin PBXBuildFile section */
		7A2DAFC71F510D1500964779 /* AppDelegate.swift in Sources */ = {isa = PBXBuildFile; fileRef = 7A2DAFC61F510D1500964779 /* AppDelegate.swift */; };
		7A2DAFC91F510D1500964779 /* GridViewController.swift in Sources */ = {isa = PBXBuildFile; fileRef = 7A2DAFC81F510D1500964779 /* GridViewController.swift */; };
		7A2DAFCE1F510D1500964779 /* Main.storyboard in Resources */ = {isa = PBXBuildFile; fileRef = 7A2DAFCC1F510D1500964779 /* Main.storyboard */; };
		7A2DAFD01F510D1500964779 /* Assets.xcassets in Resources */ = {isa = PBXBuildFile; fileRef = 7A2DAFCF1F510D1500964779 /* Assets.xcassets */; };
		7A2DAFD31F510D1500964779 /* LaunchScreen.storyboard in Resources */ = {isa = PBXBuildFile; fileRef = 7A2DAFD11F510D1500964779 /* LaunchScreen.storyboard */; };
		7A2DAFDE1F510D1600964779 /* PhotozouDemoAppTests.swift in Sources */ = {isa = PBXBuildFile; fileRef = 7A2DAFDD1F510D1600964779 /* PhotozouDemoAppTests.swift */; };
		7A34C6C31F5122FE0021413E /* PhotoZouCell.xib in Resources */ = {isa = PBXBuildFile; fileRef = 7A34C6C21F5122FE0021413E /* PhotoZouCell.xib */; };
		7A34C6C51F5123A00021413E /* PhotoZouCell.swift in Sources */ = {isa = PBXBuildFile; fileRef = 7A34C6C41F5123A00021413E /* PhotoZouCell.swift */; };
		7A34C6C81F5130A40021413E /* PhotoImageModel.swift in Sources */ = {isa = PBXBuildFile; fileRef = 7A34C6C71F5130A40021413E /* PhotoImageModel.swift */; };
		7A34C6CA1F513B520021413E /* CollectionViewLayout.swift in Sources */ = {isa = PBXBuildFile; fileRef = 7A34C6C91F513B520021413E /* CollectionViewLayout.swift */; };
		7A34C6CD1F513CB50021413E /* APIClient.swift in Sources */ = {isa = PBXBuildFile; fileRef = 7A34C6CC1F513CB50021413E /* APIClient.swift */; };
		7A34C6CF1F514C5E0021413E /* PhotoZouManager.swift in Sources */ = {isa = PBXBuildFile; fileRef = 7A34C6CE1F514C5E0021413E /* PhotoZouManager.swift */; };
		7A34C6D11F51B8D90021413E /* CollectionViewFooter.swift in Sources */ = {isa = PBXBuildFile; fileRef = 7A34C6D01F51B8D90021413E /* CollectionViewFooter.swift */; };
		ECB4D94B114D097FD896DDA4 /* Pods_PhotozouDemoApp.framework in Frameworks */ = {isa = PBXBuildFile; fileRef = 094E1A917BC35D37981378C2 /* Pods_PhotozouDemoApp.framework */; };
		F8A7B0D60413E3A0A98CF10C /* Pods_PhotozouDemoAppTests.framework in Frameworks */ = {isa = PBXBuildFile; fileRef = 0F920A89B6AC6F8F2388EA01 /* Pods_PhotozouDemoAppTests.framework */; };
/* End PBXBuildFile section */

/* Begin PBXContainerItemProxy section */
		7A2DAFDA1F510D1600964779 /* PBXContainerItemProxy */ = {
			isa = PBXContainerItemProxy;
			containerPortal = 7A2DAFBB1F510D1500964779 /* Project object */;
			proxyType = 1;
			remoteGlobalIDString = 7A2DAFC21F510D1500964779;
			remoteInfo = PhotozouDemoApp;
		};
/* End PBXContainerItemProxy section */

/* Begin PBXFileReference section */
		094E1A917BC35D37981378C2 /* Pods_PhotozouDemoApp.framework */ = {isa = PBXFileReference; explicitFileType = wrapper.framework; includeInIndex = 0; path = Pods_PhotozouDemoApp.framework; sourceTree = BUILT_PRODUCTS_DIR; };
		0F920A89B6AC6F8F2388EA01 /* Pods_PhotozouDemoAppTests.framework */ = {isa = PBXFileReference; explicitFileType = wrapper.framework; includeInIndex = 0; path = Pods_PhotozouDemoAppTests.framework; sourceTree = BUILT_PRODUCTS_DIR; };
		53B9579DBF1898A401B64126 /* Pods-PhotozouDemoAppTests.release.xcconfig */ = {isa = PBXFileReference; includeInIndex = 1; lastKnownFileType = text.xcconfig; name = "Pods-PhotozouDemoAppTests.release.xcconfig"; path = "Pods/Target Support Files/Pods-PhotozouDemoAppTests/Pods-PhotozouDemoAppTests.release.xcconfig"; sourceTree = "<group>"; };
		6919CFF963EEFCFBD171FBE2 /* Pods-PhotozouDemoApp.release.xcconfig */ = {isa = PBXFileReference; includeInIndex = 1; lastKnownFileType = text.xcconfig; name = "Pods-PhotozouDemoApp.release.xcconfig"; path = "Pods/Target Support Files/Pods-PhotozouDemoApp/Pods-PhotozouDemoApp.release.xcconfig"; sourceTree = "<group>"; };
		7A2DAFC31F510D1500964779 /* PhotozouDemoApp.app */ = {isa = PBXFileReference; explicitFileType = wrapper.application; includeInIndex = 0; path = PhotozouDemoApp.app; sourceTree = BUILT_PRODUCTS_DIR; };
		7A2DAFC61F510D1500964779 /* AppDelegate.swift */ = {isa = PBXFileReference; lastKnownFileType = sourcecode.swift; path = AppDelegate.swift; sourceTree = "<group>"; };
		7A2DAFC81F510D1500964779 /* GridViewController.swift */ = {isa = PBXFileReference; lastKnownFileType = sourcecode.swift; path = GridViewController.swift; sourceTree = "<group>"; };
		7A2DAFCD1F510D1500964779 /* Base */ = {isa = PBXFileReference; lastKnownFileType = file.storyboard; name = Base; path = Base.lproj/Main.storyboard; sourceTree = "<group>"; };
		7A2DAFCF1F510D1500964779 /* Assets.xcassets */ = {isa = PBXFileReference; lastKnownFileType = folder.assetcatalog; path = Assets.xcassets; sourceTree = "<group>"; };
		7A2DAFD21F510D1500964779 /* Base */ = {isa = PBXFileReference; lastKnownFileType = file.storyboard; name = Base; path = Base.lproj/LaunchScreen.storyboard; sourceTree = "<group>"; };
		7A2DAFD41F510D1500964779 /* Info.plist */ = {isa = PBXFileReference; lastKnownFileType = text.plist.xml; path = Info.plist; sourceTree = "<group>"; };
		7A2DAFD91F510D1600964779 /* PhotozouDemoAppTests.xctest */ = {isa = PBXFileReference; explicitFileType = wrapper.cfbundle; includeInIndex = 0; path = PhotozouDemoAppTests.xctest; sourceTree = BUILT_PRODUCTS_DIR; };
		7A2DAFDD1F510D1600964779 /* PhotozouDemoAppTests.swift */ = {isa = PBXFileReference; lastKnownFileType = sourcecode.swift; path = PhotozouDemoAppTests.swift; sourceTree = "<group>"; };
		7A2DAFDF1F510D1600964779 /* Info.plist */ = {isa = PBXFileReference; lastKnownFileType = text.plist.xml; path = Info.plist; sourceTree = "<group>"; };
		7A34C6C21F5122FE0021413E /* PhotoZouCell.xib */ = {isa = PBXFileReference; fileEncoding = 4; lastKnownFileType = file.xib; path = PhotoZouCell.xib; sourceTree = "<group>"; };
		7A34C6C41F5123A00021413E /* PhotoZouCell.swift */ = {isa = PBXFileReference; fileEncoding = 4; lastKnownFileType = sourcecode.swift; path = PhotoZouCell.swift; sourceTree = "<group>"; };
		7A34C6C71F5130A40021413E /* PhotoImageModel.swift */ = {isa = PBXFileReference; fileEncoding = 4; lastKnownFileType = sourcecode.swift; path = PhotoImageModel.swift; sourceTree = "<group>"; };
		7A34C6C91F513B520021413E /* CollectionViewLayout.swift */ = {isa = PBXFileReference; fileEncoding = 4; lastKnownFileType = sourcecode.swift; path = CollectionViewLayout.swift; sourceTree = "<group>"; };
		7A34C6CC1F513CB50021413E /* APIClient.swift */ = {isa = PBXFileReference; fileEncoding = 4; lastKnownFileType = sourcecode.swift; path = APIClient.swift; sourceTree = "<group>"; };
		7A34C6CE1F514C5E0021413E /* PhotoZouManager.swift */ = {isa = PBXFileReference; fileEncoding = 4; lastKnownFileType = sourcecode.swift; path = PhotoZouManager.swift; sourceTree = "<group>"; };
		7A34C6D01F51B8D90021413E /* CollectionViewFooter.swift */ = {isa = PBXFileReference; fileEncoding = 4; lastKnownFileType = sourcecode.swift; path = CollectionViewFooter.swift; sourceTree = "<group>"; };
		C429A0A44DBE64771E783A65 /* Pods-PhotozouDemoAppTests.debug.xcconfig */ = {isa = PBXFileReference; includeInIndex = 1; lastKnownFileType = text.xcconfig; name = "Pods-PhotozouDemoAppTests.debug.xcconfig"; path = "Pods/Target Support Files/Pods-PhotozouDemoAppTests/Pods-PhotozouDemoAppTests.debug.xcconfig"; sourceTree = "<group>"; };
		D0D49E5958C5D933EB2C7531 /* Pods-PhotozouDemoApp.debug.xcconfig */ = {isa = PBXFileReference; includeInIndex = 1; lastKnownFileType = text.xcconfig; name = "Pods-PhotozouDemoApp.debug.xcconfig"; path = "Pods/Target Support Files/Pods-PhotozouDemoApp/Pods-PhotozouDemoApp.debug.xcconfig"; sourceTree = "<group>"; };
/* End PBXFileReference section */

/* Begin PBXFrameworksBuildPhase section */
		7A2DAFC01F510D1500964779 /* Frameworks */ = {
			isa = PBXFrameworksBuildPhase;
			buildActionMask = 2147483647;
			files = (
				ECB4D94B114D097FD896DDA4 /* Pods_PhotozouDemoApp.framework in Frameworks */,
			);
			runOnlyForDeploymentPostprocessing = 0;
		};
		7A2DAFD61F510D1600964779 /* Frameworks */ = {
			isa = PBXFrameworksBuildPhase;
			buildActionMask = 2147483647;
			files = (
				F8A7B0D60413E3A0A98CF10C /* Pods_PhotozouDemoAppTests.framework in Frameworks */,
			);
			runOnlyForDeploymentPostprocessing = 0;
		};
/* End PBXFrameworksBuildPhase section */

/* Begin PBXGroup section */
		36A8F081FF00F9C53FB8E2A6 /* Pods */ = {
			isa = PBXGroup;
			children = (
				D0D49E5958C5D933EB2C7531 /* Pods-PhotozouDemoApp.debug.xcconfig */,
				6919CFF963EEFCFBD171FBE2 /* Pods-PhotozouDemoApp.release.xcconfig */,
				C429A0A44DBE64771E783A65 /* Pods-PhotozouDemoAppTests.debug.xcconfig */,
				53B9579DBF1898A401B64126 /* Pods-PhotozouDemoAppTests.release.xcconfig */,
			);
			name = Pods;
			sourceTree = "<group>";
		};
		711D0C7DCAC5DD2EF2A37371 /* Frameworks */ = {
			isa = PBXGroup;
			children = (
				094E1A917BC35D37981378C2 /* Pods_PhotozouDemoApp.framework */,
				0F920A89B6AC6F8F2388EA01 /* Pods_PhotozouDemoAppTests.framework */,
			);
			name = Frameworks;
			sourceTree = "<group>";
		};
		7A2DAFBA1F510D1500964779 = {
			isa = PBXGroup;
			children = (
				7A2DAFC51F510D1500964779 /* PhotozouDemoApp */,
				7A2DAFDC1F510D1600964779 /* PhotozouDemoAppTests */,
				7A2DAFC41F510D1500964779 /* Products */,
				36A8F081FF00F9C53FB8E2A6 /* Pods */,
				711D0C7DCAC5DD2EF2A37371 /* Frameworks */,
			);
			sourceTree = "<group>";
		};
		7A2DAFC41F510D1500964779 /* Products */ = {
			isa = PBXGroup;
			children = (
				7A2DAFC31F510D1500964779 /* PhotozouDemoApp.app */,
				7A2DAFD91F510D1600964779 /* PhotozouDemoAppTests.xctest */,
			);
			name = Products;
			sourceTree = "<group>";
		};
		7A2DAFC51F510D1500964779 /* PhotozouDemoApp */ = {
			isa = PBXGroup;
			children = (
				7A34C6CB1F513CA30021413E /* API */,
				7A34C6C61F51308F0021413E /* Model */,
				7A34C6BF1F5122730021413E /* View */,
				7A34C6BE1F5122610021413E /* Controller */,
				7A2DAFC61F510D1500964779 /* AppDelegate.swift */,
				7A2DAFCF1F510D1500964779 /* Assets.xcassets */,
				7A2DAFD41F510D1500964779 /* Info.plist */,
			);
			path = PhotozouDemoApp;
			sourceTree = "<group>";
		};
		7A2DAFDC1F510D1600964779 /* PhotozouDemoAppTests */ = {
			isa = PBXGroup;
			children = (
				7A2DAFDD1F510D1600964779 /* PhotozouDemoAppTests.swift */,
				7A2DAFDF1F510D1600964779 /* Info.plist */,
			);
			path = PhotozouDemoAppTests;
			sourceTree = "<group>";
		};
		7A34C6BE1F5122610021413E /* Controller */ = {
			isa = PBXGroup;
			children = (
				7A2DAFC81F510D1500964779 /* GridViewController.swift */,
			);
			name = Controller;
			sourceTree = "<group>";
		};
		7A34C6BF1F5122730021413E /* View */ = {
			isa = PBXGroup;
			children = (
				7A34C6C11F5122A20021413E /* xib */,
				7A34C6C01F5122940021413E /* storybord */,
				7A34C6C41F5123A00021413E /* PhotoZouCell.swift */,
				7A34C6D01F51B8D90021413E /* CollectionViewFooter.swift */,
			);
			name = View;
			sourceTree = "<group>";
		};
		7A34C6C01F5122940021413E /* storybord */ = {
			isa = PBXGroup;
			children = (
				7A2DAFCC1F510D1500964779 /* Main.storyboard */,
				7A2DAFD11F510D1500964779 /* LaunchScreen.storyboard */,
			);
			name = storybord;
			sourceTree = "<group>";
		};
		7A34C6C11F5122A20021413E /* xib */ = {
			isa = PBXGroup;
			children = (
				7A34C6C21F5122FE0021413E /* PhotoZouCell.xib */,
			);
			name = xib;
			sourceTree = "<group>";
		};
		7A34C6C61F51308F0021413E /* Model */ = {
			isa = PBXGroup;
			children = (
				7A34C6C71F5130A40021413E /* PhotoImageModel.swift */,
				7A34C6C91F513B520021413E /* CollectionViewLayout.swift */,
				7A34C6CE1F514C5E0021413E /* PhotoZouManager.swift */,
			);
			name = Model;
			sourceTree = "<group>";
		};
		7A34C6CB1F513CA30021413E /* API */ = {
			isa = PBXGroup;
			children = (
				7A34C6CC1F513CB50021413E /* APIClient.swift */,
			);
			name = API;
			sourceTree = "<group>";
		};
/* End PBXGroup section */

/* Begin PBXNativeTarget section */
		7A2DAFC21F510D1500964779 /* PhotozouDemoApp */ = {
			isa = PBXNativeTarget;
			buildConfigurationList = 7A2DAFE21F510D1600964779 /* Build configuration list for PBXNativeTarget "PhotozouDemoApp" */;
			buildPhases = (
				819B03CE32877CF518E5324A /* [CP] Check Pods Manifest.lock */,
				7A2DAFBF1F510D1500964779 /* Sources */,
				7A2DAFC01F510D1500964779 /* Frameworks */,
				7A2DAFC11F510D1500964779 /* Resources */,
				CB3B8C6A02473DC236B51EEC /* [CP] Embed Pods Frameworks */,
				6EFC89DF574167E946718365 /* [CP] Copy Pods Resources */,
			);
			buildRules = (
			);
			dependencies = (
			);
			name = PhotozouDemoApp;
			productName = PhotozouDemoApp;
			productReference = 7A2DAFC31F510D1500964779 /* PhotozouDemoApp.app */;
			productType = "com.apple.product-type.application";
		};
		7A2DAFD81F510D1600964779 /* PhotozouDemoAppTests */ = {
			isa = PBXNativeTarget;
			buildConfigurationList = 7A2DAFE51F510D1600964779 /* Build configuration list for PBXNativeTarget "PhotozouDemoAppTests" */;
			buildPhases = (
				A2C96503A8237EE5451C3168 /* [CP] Check Pods Manifest.lock */,
				7A2DAFD51F510D1600964779 /* Sources */,
				7A2DAFD61F510D1600964779 /* Frameworks */,
				7A2DAFD71F510D1600964779 /* Resources */,
				5608C1B5E9E3D921EDF14F59 /* [CP] Embed Pods Frameworks */,
				6EB82D5F89619E742BB171E8 /* [CP] Copy Pods Resources */,
			);
			buildRules = (
			);
			dependencies = (
				7A2DAFDB1F510D1600964779 /* PBXTargetDependency */,
			);
			name = PhotozouDemoAppTests;
			productName = PhotozouDemoAppTests;
			productReference = 7A2DAFD91F510D1600964779 /* PhotozouDemoAppTests.xctest */;
			productType = "com.apple.product-type.bundle.unit-test";
		};
/* End PBXNativeTarget section */

/* Begin PBXProject section */
		7A2DAFBB1F510D1500964779 /* Project object */ = {
			isa = PBXProject;
			attributes = {
				LastSwiftUpdateCheck = 0830;
				LastUpgradeCheck = 0830;
				ORGANIZATIONNAME = TakanoYuki;
				TargetAttributes = {
					7A2DAFC21F510D1500964779 = {
						CreatedOnToolsVersion = 8.3.2;
						ProvisioningStyle = Automatic;
					};
					7A2DAFD81F510D1600964779 = {
						CreatedOnToolsVersion = 8.3.2;
						ProvisioningStyle = Automatic;
						TestTargetID = 7A2DAFC21F510D1500964779;
					};
				};
			};
			buildConfigurationList = 7A2DAFBE1F510D1500964779 /* Build configuration list for PBXProject "PhotozouDemoApp" */;
			compatibilityVersion = "Xcode 3.2";
			developmentRegion = English;
			hasScannedForEncodings = 0;
			knownRegions = (
				en,
				Base,
			);
			mainGroup = 7A2DAFBA1F510D1500964779;
			productRefGroup = 7A2DAFC41F510D1500964779 /* Products */;
			projectDirPath = "";
			projectRoot = "";
			targets = (
				7A2DAFC21F510D1500964779 /* PhotozouDemoApp */,
				7A2DAFD81F510D1600964779 /* PhotozouDemoAppTests */,
			);
		};
/* End PBXProject section */

/* Begin PBXResourcesBuildPhase section */
		7A2DAFC11F510D1500964779 /* Resources */ = {
			isa = PBXResourcesBuildPhase;
			buildActionMask = 2147483647;
			files = (
				7A2DAFD31F510D1500964779 /* LaunchScreen.storyboard in Resources */,
				7A34C6C31F5122FE0021413E /* PhotoZouCell.xib in Resources */,
				7A2DAFD01F510D1500964779 /* Assets.xcassets in Resources */,
				7A2DAFCE1F510D1500964779 /* Main.storyboard in Resources */,
			);
			runOnlyForDeploymentPostprocessing = 0;
		};
		7A2DAFD71F510D1600964779 /* Resources */ = {
			isa = PBXResourcesBuildPhase;
			buildActionMask = 2147483647;
			files = (
			);
			runOnlyForDeploymentPostprocessing = 0;
		};
/* End PBXResourcesBuildPhase section */

/* Begin PBXShellScriptBuildPhase section */
		5608C1B5E9E3D921EDF14F59 /* [CP] Embed Pods Frameworks */ = {
			isa = PBXShellScriptBuildPhase;
			buildActionMask = 2147483647;
			files = (
			);
			inputPaths = (
			);
			name = "[CP] Embed Pods Frameworks";
			outputPaths = (
			);
			runOnlyForDeploymentPostprocessing = 0;
			shellPath = /bin/sh;
			shellScript = "\"${SRCROOT}/Pods/Target Support Files/Pods-PhotozouDemoAppTests/Pods-PhotozouDemoAppTests-frameworks.sh\"\n";
			showEnvVarsInLog = 0;
		};
		6EB82D5F89619E742BB171E8 /* [CP] Copy Pods Resources */ = {
			isa = PBXShellScriptBuildPhase;
			buildActionMask = 2147483647;
			files = (
			);
			inputPaths = (
			);
			name = "[CP] Copy Pods Resources";
			outputPaths = (
			);
			runOnlyForDeploymentPostprocessing = 0;
			shellPath = /bin/sh;
			shellScript = "\"${SRCROOT}/Pods/Target Support Files/Pods-PhotozouDemoAppTests/Pods-PhotozouDemoAppTests-resources.sh\"\n";
			showEnvVarsInLog = 0;
		};
		6EFC89DF574167E946718365 /* [CP] Copy Pods Resources */ = {
			isa = PBXShellScriptBuildPhase;
			buildActionMask = 2147483647;
			files = (
			);
			inputPaths = (
			);
			name = "[CP] Copy Pods Resources";
			outputPaths = (
			);
			runOnlyForDeploymentPostprocessing = 0;
			shellPath = /bin/sh;
			shellScript = "\"${SRCROOT}/Pods/Target Support Files/Pods-PhotozouDemoApp/Pods-PhotozouDemoApp-resources.sh\"\n";
			showEnvVarsInLog = 0;
		};
		819B03CE32877CF518E5324A /* [CP] Check Pods Manifest.lock */ = {
			isa = PBXShellScriptBuildPhase;
			buildActionMask = 2147483647;
			files = (
			);
			inputPaths = (
			);
			name = "[CP] Check Pods Manifest.lock";
			outputPaths = (
			);
			runOnlyForDeploymentPostprocessing = 0;
			shellPath = /bin/sh;
			shellScript = "diff \"${PODS_ROOT}/../Podfile.lock\" \"${PODS_ROOT}/Manifest.lock\" > /dev/null\nif [ $? != 0 ] ; then\n    # print error to STDERR\n    echo \"error: The sandbox is not in sync with the Podfile.lock. Run 'pod install' or update your CocoaPods installation.\" >&2\n    exit 1\nfi\n";
			showEnvVarsInLog = 0;
		};
		A2C96503A8237EE5451C3168 /* [CP] Check Pods Manifest.lock */ = {
			isa = PBXShellScriptBuildPhase;
			buildActionMask = 2147483647;
			files = (
			);
			inputPaths = (
			);
			name = "[CP] Check Pods Manifest.lock";
			outputPaths = (
			);
			runOnlyForDeploymentPostprocessing = 0;
			shellPath = /bin/sh;
			shellScript = "diff \"${PODS_ROOT}/../Podfile.lock\" \"${PODS_ROOT}/Manifest.lock\" > /dev/null\nif [ $? != 0 ] ; then\n    # print error to STDERR\n    echo \"error: The sandbox is not in sync with the Podfile.lock. Run 'pod install' or update your CocoaPods installation.\" >&2\n    exit 1\nfi\n";
			showEnvVarsInLog = 0;
		};
		CB3B8C6A02473DC236B51EEC /* [CP] Embed Pods Frameworks */ = {
			isa = PBXShellScriptBuildPhase;
			buildActionMask = 2147483647;
			files = (
			);
			inputPaths = (
			);
			name = "[CP] Embed Pods Frameworks";
			outputPaths = (
			);
			runOnlyForDeploymentPostprocessing = 0;
			shellPath = /bin/sh;
			shellScript = "\"${SRCROOT}/Pods/Target Support Files/Pods-PhotozouDemoApp/Pods-PhotozouDemoApp-frameworks.sh\"\n";
			showEnvVarsInLog = 0;
		};
/* End PBXShellScriptBuildPhase section */

/* Begin PBXSourcesBuildPhase section */
		7A2DAFBF1F510D1500964779 /* Sources */ = {
			isa = PBXSourcesBuildPhase;
			buildActionMask = 2147483647;
			files = (
				7A34C6C51F5123A00021413E /* PhotoZouCell.swift in Sources */,
				7A2DAFC91F510D1500964779 /* GridViewController.swift in Sources */,
				7A34C6C81F5130A40021413E /* PhotoImageModel.swift in Sources */,
				7A34C6D11F51B8D90021413E /* CollectionViewFooter.swift in Sources */,
				7A2DAFC71F510D1500964779 /* AppDelegate.swift in Sources */,
				7A34C6CF1F514C5E0021413E /* PhotoZouManager.swift in Sources */,
				7A34C6CA1F513B520021413E /* CollectionViewLayout.swift in Sources */,
				7A34C6CD1F513CB50021413E /* APIClient.swift in Sources */,
			);
			runOnlyForDeploymentPostprocessing = 0;
		};
		7A2DAFD51F510D1600964779 /* Sources */ = {
			isa = PBXSourcesBuildPhase;
			buildActionMask = 2147483647;
			files = (
				7A2DAFDE1F510D1600964779 /* PhotozouDemoAppTests.swift in Sources */,
			);
			runOnlyForDeploymentPostprocessing = 0;
		};
/* End PBXSourcesBuildPhase section */

/* Begin PBXTargetDependency section */
		7A2DAFDB1F510D1600964779 /* PBXTargetDependency */ = {
			isa = PBXTargetDependency;
			target = 7A2DAFC21F510D1500964779 /* PhotozouDemoApp */;
			targetProxy = 7A2DAFDA1F510D1600964779 /* PBXContainerItemProxy */;
		};
/* End PBXTargetDependency section */

/* Begin PBXVariantGroup section */
		7A2DAFCC1F510D1500964779 /* Main.storyboard */ = {
			isa = PBXVariantGroup;
			children = (
				7A2DAFCD1F510D1500964779 /* Base */,
			);
			name = Main.storyboard;
			sourceTree = "<group>";
		};
		7A2DAFD11F510D1500964779 /* LaunchScreen.storyboard */ = {
			isa = PBXVariantGroup;
			children = (
				7A2DAFD21F510D1500964779 /* Base */,
			);
			name = LaunchScreen.storyboard;
			sourceTree = "<group>";
		};
/* End PBXVariantGroup section */

/* Begin XCBuildConfiguration section */
		7A2DAFE01F510D1600964779 /* Debug */ = {
			isa = XCBuildConfiguration;
			buildSettings = {
				ALWAYS_SEARCH_USER_PATHS = NO;
				CLANG_ANALYZER_NONNULL = YES;
				CLANG_ANALYZER_NUMBER_OBJECT_CONVERSION = YES_AGGRESSIVE;
				CLANG_CXX_LANGUAGE_STANDARD = "gnu++0x";
				CLANG_CXX_LIBRARY = "libc++";
				CLANG_ENABLE_MODULES = YES;
				CLANG_ENABLE_OBJC_ARC = YES;
				CLANG_WARN_BOOL_CONVERSION = YES;
				CLANG_WARN_CONSTANT_CONVERSION = YES;
				CLANG_WARN_DIRECT_OBJC_ISA_USAGE = YES_ERROR;
				CLANG_WARN_DOCUMENTATION_COMMENTS = YES;
				CLANG_WARN_EMPTY_BODY = YES;
				CLANG_WARN_ENUM_CONVERSION = YES;
				CLANG_WARN_INFINITE_RECURSION = YES;
				CLANG_WARN_INT_CONVERSION = YES;
				CLANG_WARN_OBJC_ROOT_CLASS = YES_ERROR;
				CLANG_WARN_SUSPICIOUS_MOVE = YES;
				CLANG_WARN_UNREACHABLE_CODE = YES;
				CLANG_WARN__DUPLICATE_METHOD_MATCH = YES;
				"CODE_SIGN_IDENTITY[sdk=iphoneos*]" = "iPhone Developer";
				COPY_PHASE_STRIP = NO;
				DEBUG_INFORMATION_FORMAT = dwarf;
				ENABLE_STRICT_OBJC_MSGSEND = YES;
				ENABLE_TESTABILITY = YES;
				GCC_C_LANGUAGE_STANDARD = gnu99;
				GCC_DYNAMIC_NO_PIC = NO;
				GCC_NO_COMMON_BLOCKS = YES;
				GCC_OPTIMIZATION_LEVEL = 0;
				GCC_PREPROCESSOR_DEFINITIONS = (
					"DEBUG=1",
					"$(inherited)",
				);
				GCC_WARN_64_TO_32_BIT_CONVERSION = YES;
				GCC_WARN_ABOUT_RETURN_TYPE = YES_ERROR;
				GCC_WARN_UNDECLARED_SELECTOR = YES;
				GCC_WARN_UNINITIALIZED_AUTOS = YES_AGGRESSIVE;
				GCC_WARN_UNUSED_FUNCTION = YES;
				GCC_WARN_UNUSED_VARIABLE = YES;
				IPHONEOS_DEPLOYMENT_TARGET = 10.3;
				MTL_ENABLE_DEBUG_INFO = YES;
				ONLY_ACTIVE_ARCH = YES;
				SDKROOT = iphoneos;
				SWIFT_ACTIVE_COMPILATION_CONDITIONS = DEBUG;
				SWIFT_OPTIMIZATION_LEVEL = "-Onone";
			};
			name = Debug;
		};
		7A2DAFE11F510D1600964779 /* Release */ = {
			isa = XCBuildConfiguration;
			buildSettings = {
				ALWAYS_SEARCH_USER_PATHS = NO;
				CLANG_ANALYZER_NONNULL = YES;
				CLANG_ANALYZER_NUMBER_OBJECT_CONVERSION = YES_AGGRESSIVE;
				CLANG_CXX_LANGUAGE_STANDARD = "gnu++0x";
				CLANG_CXX_LIBRARY = "libc++";
				CLANG_ENABLE_MODULES = YES;
				CLANG_ENABLE_OBJC_ARC = YES;
				CLANG_WARN_BOOL_CONVERSION = YES;
				CLANG_WARN_CONSTANT_CONVERSION = YES;
				CLANG_WARN_DIRECT_OBJC_ISA_USAGE = YES_ERROR;
				CLANG_WARN_DOCUMENTATION_COMMENTS = YES;
				CLANG_WARN_EMPTY_BODY = YES;
				CLANG_WARN_ENUM_CONVERSION = YES;
				CLANG_WARN_INFINITE_RECURSION = YES;
				CLANG_WARN_INT_CONVERSION = YES;
				CLANG_WARN_OBJC_ROOT_CLASS = YES_ERROR;
				CLANG_WARN_SUSPICIOUS_MOVE = YES;
				CLANG_WARN_UNREACHABLE_CODE = YES;
				CLANG_WARN__DUPLICATE_METHOD_MATCH = YES;
				"CODE_SIGN_IDENTITY[sdk=iphoneos*]" = "iPhone Developer";
				COPY_PHASE_STRIP = NO;
				DEBUG_INFORMATION_FORMAT = "dwarf-with-dsym";
				ENABLE_NS_ASSERTIONS = NO;
				ENABLE_STRICT_OBJC_MSGSEND = YES;
				GCC_C_LANGUAGE_STANDARD = gnu99;
				GCC_NO_COMMON_BLOCKS = YES;
				GCC_WARN_64_TO_32_BIT_CONVERSION = YES;
				GCC_WARN_ABOUT_RETURN_TYPE = YES_ERROR;
				GCC_WARN_UNDECLARED_SELECTOR = YES;
				GCC_WARN_UNINITIALIZED_AUTOS = YES_AGGRESSIVE;
				GCC_WARN_UNUSED_FUNCTION = YES;
				GCC_WARN_UNUSED_VARIABLE = YES;
				IPHONEOS_DEPLOYMENT_TARGET = 10.3;
				MTL_ENABLE_DEBUG_INFO = NO;
				SDKROOT = iphoneos;
				SWIFT_OPTIMIZATION_LEVEL = "-Owholemodule";
				VALIDATE_PRODUCT = YES;
			};
			name = Release;
		};
		7A2DAFE31F510D1600964779 /* Debug */ = {
			isa = XCBuildConfiguration;
			baseConfigurationReference = D0D49E5958C5D933EB2C7531 /* Pods-PhotozouDemoApp.debug.xcconfig */;
			buildSettings = {
				ASSETCATALOG_COMPILER_APPICON_NAME = AppIcon;
				INFOPLIST_FILE = PhotozouDemoApp/Info.plist;
				IPHONEOS_DEPLOYMENT_TARGET = 9.0;
				LD_RUNPATH_SEARCH_PATHS = "$(inherited) @executable_path/Frameworks";
				PRODUCT_BUNDLE_IDENTIFIER = yt.PhotozouDemoApp;
				PRODUCT_NAME = "$(TARGET_NAME)";
				SWIFT_VERSION = 3.0;
			};
			name = Debug;
		};
		7A2DAFE41F510D1600964779 /* Release */ = {
			isa = XCBuildConfiguration;
			baseConfigurationReference = 6919CFF963EEFCFBD171FBE2 /* Pods-PhotozouDemoApp.release.xcconfig */;
			buildSettings = {
				ASSETCATALOG_COMPILER_APPICON_NAME = AppIcon;
				INFOPLIST_FILE = PhotozouDemoApp/Info.plist;
				IPHONEOS_DEPLOYMENT_TARGET = 9.0;
				LD_RUNPATH_SEARCH_PATHS = "$(inherited) @executable_path/Frameworks";
				PRODUCT_BUNDLE_IDENTIFIER = yt.PhotozouDemoApp;
				PRODUCT_NAME = "$(TARGET_NAME)";
				SWIFT_VERSION = 3.0;
			};
			name = Release;
		};
		7A2DAFE61F510D1600964779 /* Debug */ = {
			isa = XCBuildConfiguration;
			baseConfigurationReference = C429A0A44DBE64771E783A65 /* Pods-PhotozouDemoAppTests.debug.xcconfig */;
			buildSettings = {
				ALWAYS_EMBED_SWIFT_STANDARD_LIBRARIES = YES;
				BUNDLE_LOADER = "$(TEST_HOST)";
				INFOPLIST_FILE = PhotozouDemoAppTests/Info.plist;
				LD_RUNPATH_SEARCH_PATHS = "$(inherited) @executable_path/Frameworks @loader_path/Frameworks";
				PRODUCT_BUNDLE_IDENTIFIER = yt.PhotozouDemoAppTests;
				PRODUCT_NAME = "$(TARGET_NAME)";
				SWIFT_VERSION = 3.0;
				TEST_HOST = "$(BUILT_PRODUCTS_DIR)/PhotozouDemoApp.app/PhotozouDemoApp";
			};
			name = Debug;
		};
		7A2DAFE71F510D1600964779 /* Release */ = {
			isa = XCBuildConfiguration;
			baseConfigurationReference = 53B9579DBF1898A401B64126 /* Pods-PhotozouDemoAppTests.release.xcconfig */;
			buildSettings = {
				ALWAYS_EMBED_SWIFT_STANDARD_LIBRARIES = YES;
				BUNDLE_LOADER = "$(TEST_HOST)";
				INFOPLIST_FILE = PhotozouDemoAppTests/Info.plist;
				LD_RUNPATH_SEARCH_PATHS = "$(inherited) @executable_path/Frameworks @loader_path/Frameworks";
				PRODUCT_BUNDLE_IDENTIFIER = yt.PhotozouDemoAppTests;
				PRODUCT_NAME = "$(TARGET_NAME)";
				SWIFT_VERSION = 3.0;
				TEST_HOST = "$(BUILT_PRODUCTS_DIR)/PhotozouDemoApp.app/PhotozouDemoApp";
			};
			name = Release;
		};
/* End XCBuildConfiguration section */

/* Begin XCConfigurationList section */
		7A2DAFBE1F510D1500964779 /* Build configuration list for PBXProject "PhotozouDemoApp" */ = {
			isa = XCConfigurationList;
			buildConfigurations = (
				7A2DAFE01F510D1600964779 /* Debug */,
				7A2DAFE11F510D1600964779 /* Release */,
			);
			defaultConfigurationIsVisible = 0;
			defaultConfigurationName = Release;
		};
		7A2DAFE21F510D1600964779 /* Build configuration list for PBXNativeTarget "PhotozouDemoApp" */ = {
			isa = XCConfigurationList;
			buildConfigurations = (
				7A2DAFE31F510D1600964779 /* Debug */,
				7A2DAFE41F510D1600964779 /* Release */,
			);
			defaultConfigurationIsVisible = 0;
			defaultConfigurationName = Release;
		};
		7A2DAFE51F510D1600964779 /* Build configuration list for PBXNativeTarget "PhotozouDemoAppTests" */ = {
			isa = XCConfigurationList;
			buildConfigurations = (
				7A2DAFE61F510D1600964779 /* Debug */,
				7A2DAFE71F510D1600964779 /* Release */,
			);
			defaultConfigurationIsVisible = 0;
			defaultConfigurationName = Release;
		};
/* End XCConfigurationList section */
	};
	rootObject = 7A2DAFBB1F510D1500964779 /* Project object */;
}
